
Microsoft Visual Studio Solution File, Format Version 9.00
# Visual Studio 2005
Project("{8BC9CEB8-8B4A-11D0-8D11-00A0C91BC942}") = "CreateThreadSample", "CreateThreadSample\CreateThreadSample.vcproj", "{4FC513D0-0CCB-43C5-A529-B6258BD84FE5}"
EndProject
Global
	GlobalSection(SolutionConfigurationPlatforms) = preSolution
		Debug|Win32 = Debug|Win32
		Release|Win32 = Release|Win32
	EndGlobalSection
	GlobalSection(ProjectConfigurationPlatforms) = postSolution
		{4FC513D0-0CCB-43C5-A529-B6258BD84FE5}.Debug|Win32.ActiveCfg = Debug|Win32
		{4FC513D0-0CCB-43C5-A529-B6258BD84FE5}.Debug|Win32.Build.0 = Debug|Win32
		{4FC513D0-0CCB-43C5-A529-B6258BD84FE5}.Release|Win32.ActiveCfg = Release|Win32
		{4FC513D0-0CCB-43C5-A529-B6258BD84FE5}.Release|Win32.Build.0 = Release|Win32
	EndGlobalSection
	GlobalSection(SolutionProperties) = preSolution
		HideSolutionNode = FALSE
	EndGlobalSection
EndGlobal
