
Microsoft Visual Studio Solution File, Format Version 9.00
# Visual Studio 2005
Project("{8BC9CEB8-8B4A-11D0-8D11-00A0C91BC942}") = "ModalDlg_MFC", "ModalDlg_MFC\ModalDlg_MFC.vcproj", "{A50DC2CE-9E3E-48D5-974A-164D84D3B8DE}"
EndProject
Global
	GlobalSection(SolutionConfigurationPlatforms) = preSolution
		Debug|Win32 = Debug|Win32
		Release|Win32 = Release|Win32
	EndGlobalSection
	GlobalSection(ProjectConfigurationPlatforms) = postSolution
		{A50DC2CE-9E3E-48D5-974A-164D84D3B8DE}.Debug|Win32.ActiveCfg = Debug|Win32
		{A50DC2CE-9E3E-48D5-974A-164D84D3B8DE}.Debug|Win32.Build.0 = Debug|Win32
		{A50DC2CE-9E3E-48D5-974A-164D84D3B8DE}.Release|Win32.ActiveCfg = Release|Win32
		{A50DC2CE-9E3E-48D5-974A-164D84D3B8DE}.Release|Win32.Build.0 = Release|Win32
	EndGlobalSection
	GlobalSection(SolutionProperties) = preSolution
		HideSolutionNode = FALSE
	EndGlobalSection
EndGlobal
