
Microsoft Visual Studio Solution File, Format Version 9.00
# Visual Studio 2005
Project("{8BC9CEB8-8B4A-11D0-8D11-00A0C91BC942}") = "Button", "Button\Button.vcproj", "{6E87DCD1-AE04-47E2-B907-B5D5D622D691}"
EndProject
Global
	GlobalSection(SolutionConfigurationPlatforms) = preSolution
		Debug|Win32 = Debug|Win32
		Release|Win32 = Release|Win32
	EndGlobalSection
	GlobalSection(ProjectConfigurationPlatforms) = postSolution
		{6E87DCD1-AE04-47E2-B907-B5D5D622D691}.Debug|Win32.ActiveCfg = Debug|Win32
		{6E87DCD1-AE04-47E2-B907-B5D5D622D691}.Debug|Win32.Build.0 = Debug|Win32
		{6E87DCD1-AE04-47E2-B907-B5D5D622D691}.Release|Win32.ActiveCfg = Release|Win32
		{6E87DCD1-AE04-47E2-B907-B5D5D622D691}.Release|Win32.Build.0 = Release|Win32
	EndGlobalSection
	GlobalSection(SolutionProperties) = preSolution
		HideSolutionNode = FALSE
	EndGlobalSection
EndGlobal
