
Microsoft Visual Studio Solution File, Format Version 9.00
# Visual Studio 2005
Project("{8BC9CEB8-8B4A-11D0-8D11-00A0C91BC942}") = "ModalDlg_win32", "ModalDlg_win32\ModalDlg_win32.vcproj", "{278702B7-40C4-4DC9-B557-C492CE40B8A2}"
EndProject
Global
	GlobalSection(SolutionConfigurationPlatforms) = preSolution
		Debug|Win32 = Debug|Win32
		Release|Win32 = Release|Win32
	EndGlobalSection
	GlobalSection(ProjectConfigurationPlatforms) = postSolution
		{278702B7-40C4-4DC9-B557-C492CE40B8A2}.Debug|Win32.ActiveCfg = Debug|Win32
		{278702B7-40C4-4DC9-B557-C492CE40B8A2}.Debug|Win32.Build.0 = Debug|Win32
		{278702B7-40C4-4DC9-B557-C492CE40B8A2}.Release|Win32.ActiveCfg = Release|Win32
		{278702B7-40C4-4DC9-B557-C492CE40B8A2}.Release|Win32.Build.0 = Release|Win32
	EndGlobalSection
	GlobalSection(SolutionProperties) = preSolution
		HideSolutionNode = FALSE
	EndGlobalSection
EndGlobal
