
Microsoft Visual Studio Solution File, Format Version 9.00
# Visual Studio 2005
Project("{8BC9CEB8-8B4A-11D0-8D11-00A0C91BC942}") = "客户端", "客户端.vcproj", "{BF076443-1CAC-4560-92D5-5A1FD77DB94E}"
EndProject
Global
	GlobalSection(SolutionConfigurationPlatforms) = preSolution
		Debug|Win32 = Debug|Win32
		Release|Win32 = Release|Win32
	EndGlobalSection
	GlobalSection(ProjectConfigurationPlatforms) = postSolution
		{BF076443-1CAC-4560-92D5-5A1FD77DB94E}.Debug|Win32.ActiveCfg = Debug|Win32
		{BF076443-1CAC-4560-92D5-5A1FD77DB94E}.Debug|Win32.Build.0 = Debug|Win32
		{BF076443-1CAC-4560-92D5-5A1FD77DB94E}.Release|Win32.ActiveCfg = Release|Win32
		{BF076443-1CAC-4560-92D5-5A1FD77DB94E}.Release|Win32.Build.0 = Release|Win32
	EndGlobalSection
	GlobalSection(SolutionProperties) = preSolution
		HideSolutionNode = FALSE
	EndGlobalSection
EndGlobal
