
Microsoft Visual Studio Solution File, Format Version 9.00
# Visual Studio 2005
Project("{8BC9CEB8-8B4A-11D0-8D11-00A0C91BC942}") = "IPC_Msg", "IPC_Msg\IPC_Msg.vcproj", "{AAA336CB-EF08-4720-90AB-87E201BABCA7}"
EndProject
Project("{8BC9CEB8-8B4A-11D0-8D11-00A0C91BC942}") = "Client", "Client\Client.vcproj", "{27D0D8DC-C971-4B42-8FA6-A1944A326FE7}"
EndProject
Global
	GlobalSection(SolutionConfigurationPlatforms) = preSolution
		Debug|Win32 = Debug|Win32
		Release|Win32 = Release|Win32
	EndGlobalSection
	GlobalSection(ProjectConfigurationPlatforms) = postSolution
		{AAA336CB-EF08-4720-90AB-87E201BABCA7}.Debug|Win32.ActiveCfg = Debug|Win32
		{AAA336CB-EF08-4720-90AB-87E201BABCA7}.Debug|Win32.Build.0 = Debug|Win32
		{AAA336CB-EF08-4720-90AB-87E201BABCA7}.Release|Win32.ActiveCfg = Release|Win32
		{AAA336CB-EF08-4720-90AB-87E201BABCA7}.Release|Win32.Build.0 = Release|Win32
		{27D0D8DC-C971-4B42-8FA6-A1944A326FE7}.Debug|Win32.ActiveCfg = Debug|Win32
		{27D0D8DC-C971-4B42-8FA6-A1944A326FE7}.Debug|Win32.Build.0 = Debug|Win32
		{27D0D8DC-C971-4B42-8FA6-A1944A326FE7}.Release|Win32.ActiveCfg = Release|Win32
		{27D0D8DC-C971-4B42-8FA6-A1944A326FE7}.Release|Win32.Build.0 = Release|Win32
	EndGlobalSection
	GlobalSection(SolutionProperties) = preSolution
		HideSolutionNode = FALSE
	EndGlobalSection
EndGlobal
